// !$*UTF8*$!
{
	archiveVersion = 1;
	classes = {
	};
	objectVersion = 46;
	objects = {

/* Begin PBXBuildFile section */
		83DFD4201C82F0C90064A65A /* AppDelegate.swift in Sources */ = {isa = PBXBuildFile; fileRef = 83DFD41F1C82F0C90064A65A /* AppDelegate.swift */; };
		83DFD4221C82F0C90064A65A /* ViewController.swift in Sources */ = {isa = PBXBuildFile; fileRef = 83DFD4211C82F0C90064A65A /* ViewController.swift */; };
		83DFD4251C82F0C90064A65A /* Main.storyboard in Resources */ = {isa = PBXBuildFile; fileRef = 83DFD4231C82F0C90064A65A /* Main.storyboard */; };
		83DFD4271C82F0C90064A65A /* Assets.xcassets in Resources */ = {isa = PBXBuildFile; fileRef = 83DFD4261C82F0C90064A65A /* Assets.xcassets */; };
		83DFD42A1C82F0C90064A65A /* LaunchScreen.storyboard in Resources */ = {isa = PBXBuildFile; fileRef = 83DFD4281C82F0C90064A65A /* LaunchScreen.storyboard */; };
		83DFD4351C82F0C90064A65A /* nstimerTests.swift in Sources */ = {isa = PBXBuildFile; fileRef = 83DFD4341C82F0C90064A65A /* nstimerTests.swift */; };
		83DFD4401C82F0C90064A65A /* nstimerUITests.swift in Sources */ = {isa = PBXBuildFile; fileRef = 83DFD43F1C82F0C90064A65A /* nstimerUITests.swift */; };
/* End PBXBuildFile section */

/* Begin PBXContainerItemProxy section */
		83DFD4311C82F0C90064A65A /* PBXContainerItemProxy */ = {
			isa = PBXContainerItemProxy;
			containerPortal = 83DFD4141C82F0C80064A65A /* Project object */;
			proxyType = 1;
			remoteGlobalIDString = 83DFD41B1C82F0C90064A65A;
			remoteInfo = nstimer;
		};
		83DFD43C1C82F0C90064A65A /* PBXContainerItemProxy */ = {
			isa = PBXContainerItemProxy;
			containerPortal = 83DFD4141C82F0C80064A65A /* Project object */;
			proxyType = 1;
			remoteGlobalIDString = 83DFD41B1C82F0C90064A65A;
			remoteInfo = nstimer;
		};
/* End PBXContainerItemProxy section */

/* Begin PBXFileReference section */
		83DFD41C1C82F0C90064A65A /* nstimer.app */ = {isa = PBXFileReference; explicitFileType = wrapper.application; includeInIndex = 0; path = nstimer.app; sourceTree = BUILT_PRODUCTS_DIR; };
		83DFD41F1C82F0C90064A65A /* AppDelegate.swift */ = {isa = PBXFileReference; lastKnownFileType = sourcecode.swift; path = AppDelegate.swift; sourceTree = "<group>"; };
		83DFD4211C82F0C90064A65A /* ViewController.swift */ = {isa = PBXFileReference; lastKnownFileType = sourcecode.swift; path = ViewController.swift; sourceTree = "<group>"; };
		83DFD4241C82F0C90064A65A /* Base */ = {isa = PBXFileReference; lastKnownFileType = file.storyboard; name = Base; path = Base.lproj/Main.storyboard; sourceTree = "<group>"; };
		83DFD4261C82F0C90064A65A /* Assets.xcassets */ = {isa = PBXFileReference; lastKnownFileType = folder.assetcatalog; path = Assets.xcassets; sourceTree = "<group>"; };
		83DFD4291C82F0C90064A65A /* Base */ = {isa = PBXFileReference; lastKnownFileType = file.storyboard; name = Base; path = Base.lproj/LaunchScreen.storyboard; sourceTree = "<group>"; };
		83DFD42B1C82F0C90064A65A /* Info.plist */ = {isa = PBXFileReference; lastKnownFileType = text.plist.xml; path = Info.plist; sourceTree = "<group>"; };
		83DFD4301C82F0C90064A65A /* nstimerTests.xctest */ = {isa = PBXFileReference; explicitFileType = wrapper.cfbundle; includeInIndex = 0; path = nstimerTests.xctest; sourceTree = BUILT_PRODUCTS_DIR; };
		83DFD4341C82F0C90064A65A /* nstimerTests.swift */ = {isa = PBXFileReference; lastKnownFileType = sourcecode.swift; path = nstimerTests.swift; sourceTree = "<group>"; };
		83DFD4361C82F0C90064A65A /* Info.plist */ = {isa = PBXFileReference; lastKnownFileType = text.plist.xml; path = Info.plist; sourceTree = "<group>"; };
		83DFD43B1C82F0C90064A65A /* nstimerUITests.xctest */ = {isa = PBXFileReference; explicitFileType = wrapper.cfbundle; includeInIndex = 0; path = nstimerUITests.xctest; sourceTree = BUILT_PRODUCTS_DIR; };
		83DFD43F1C82F0C90064A65A /* nstimerUITests.swift */ = {isa = PBXFileReference; lastKnownFileType = sourcecode.swift; path = nstimerUITests.swift; sourceTree = "<group>"; };
		83DFD4411C82F0C90064A65A /* Info.plist */ = {isa = PBXFileReference; lastKnownFileType = text.plist.xml; path = Info.plist; sourceTree = "<group>"; };
/* End PBXFileReference section */

/* Begin PBXFrameworksBuildPhase section */
		83DFD4191C82F0C90064A65A /* Frameworks */ = {
			isa = PBXFrameworksBuildPhase;
			buildActionMask = 2147483647;
			files = (
			);
			runOnlyForDeploymentPostprocessing = 0;
		};
		83DFD42D1C82F0C90064A65A /* Frameworks */ = {
			isa = PBXFrameworksBuildPhase;
			buildActionMask = 2147483647;
			files = (
			);
			runOnlyForDeploymentPostprocessing = 0;
		};
		83DFD4381C82F0C90064A65A /* Frameworks */ = {
			isa = PBXFrameworksBuildPhase;
			buildActionMask = 2147483647;
			files = (
			);
			runOnlyForDeploymentPostprocessing = 0;
		};
/* End PBXFrameworksBuildPhase section */

/* Begin PBXGroup section */
		83DFD4131C82F0C80064A65A = {
			isa = PBXGroup;
			children = (
				83DFD41E1C82F0C90064A65A /* nstimer */,
				83DFD4331C82F0C90064A65A /* nstimerTests */,
				83DFD43E1C82F0C90064A65A /* nstimerUITests */,
				83DFD41D1C82F0C90064A65A /* Products */,
			);
			sourceTree = "<group>";
		};
		83DFD41D1C82F0C90064A65A /* Products */ = {
			isa = PBXGroup;
			children = (
				83DFD41C1C82F0C90064A65A /* nstimer.app */,
				83DFD4301C82F0C90064A65A /* nstimerTests.xctest */,
				83DFD43B1C82F0C90064A65A /* nstimerUITests.xctest */,
			);
			name = Products;
			sourceTree = "<group>";
		};
		83DFD41E1C82F0C90064A65A /* nstimer */ = {
			isa = PBXGroup;
			children = (
				83DFD41F1C82F0C90064A65A /* AppDelegate.swift */,
				83DFD4211C82F0C90064A65A /* ViewController.swift */,
				83DFD4231C82F0C90064A65A /* Main.storyboard */,
				83DFD4261C82F0C90064A65A /* Assets.xcassets */,
				83DFD4281C82F0C90064A65A /* LaunchScreen.storyboard */,
				83DFD42B1C82F0C90064A65A /* Info.plist */,
			);
			path = nstimer;
			sourceTree = "<group>";
		};
		83DFD4331C82F0C90064A65A /* nstimerTests */ = {
			isa = PBXGroup;
			children = (
				83DFD4341C82F0C90064A65A /* nstimerTests.swift */,
				83DFD4361C82F0C90064A65A /* Info.plist */,
			);
			path = nstimerTests;
			sourceTree = "<group>";
		};
		83DFD43E1C82F0C90064A65A /* nstimerUITests */ = {
			isa = PBXGroup;
			children = (
				83DFD43F1C82F0C90064A65A /* nstimerUITests.swift */,
				83DFD4411C82F0C90064A65A /* Info.plist */,
			);
			path = nstimerUITests;
			sourceTree = "<group>";
		};
/* End PBXGroup section */

/* Begin PBXNativeTarget section */
		83DFD41B1C82F0C90064A65A /* nstimer */ = {
			isa = PBXNativeTarget;
			buildConfigurationList = 83DFD4441C82F0C90064A65A /* Build configuration list for PBXNativeTarget "nstimer" */;
			buildPhases = (
				83DFD4181C82F0C90064A65A /* Sources */,
				83DFD4191C82F0C90064A65A /* Frameworks */,
				83DFD41A1C82F0C90064A65A /* Resources */,
			);
			buildRules = (
			);
			dependencies = (
			);
			name = nstimer;
			productName = nstimer;
			productReference = 83DFD41C1C82F0C90064A65A /* nstimer.app */;
			productType = "com.apple.product-type.application";
		};
		83DFD42F1C82F0C90064A65A /* nstimerTests */ = {
			isa = PBXNativeTarget;
			buildConfigurationList = 83DFD4471C82F0C90064A65A /* Build configuration list for PBXNativeTarget "nstimerTests" */;
			buildPhases = (
				83DFD42C1C82F0C90064A65A /* Sources */,
				83DFD42D1C82F0C90064A65A /* Frameworks */,
				83DFD42E1C82F0C90064A65A /* Resources */,
			);
			buildRules = (
			);
			dependencies = (
				83DFD4321C82F0C90064A65A /* PBXTargetDependency */,
			);
			name = nstimerTests;
			productName = nstimerTests;
			productReference = 83DFD4301C82F0C90064A65A /* nstimerTests.xctest */;
			productType = "com.apple.product-type.bundle.unit-test";
		};
		83DFD43A1C82F0C90064A65A /* nstimerUITests */ = {
			isa = PBXNativeTarget;
			buildConfigurationList = 83DFD44A1C82F0C90064A65A /* Build configuration list for PBXNativeTarget "nstimerUITests" */;
			buildPhases = (
				83DFD4371C82F0C90064A65A /* Sources */,
				83DFD4381C82F0C90064A65A /* Frameworks */,
				83DFD4391C82F0C90064A65A /* Resources */,
			);
			buildRules = (
			);
			dependencies = (
				83DFD43D1C82F0C90064A65A /* PBXTargetDependency */,
			);
			name = nstimerUITests;
			productName = nstimerUITests;
			productReference = 83DFD43B1C82F0C90064A65A /* nstimerUITests.xctest */;
			productType = "com.apple.product-type.bundle.ui-testing";
		};
/* End PBXNativeTarget section */

/* Begin PBXProject section */
		83DFD4141C82F0C80064A65A /* Project object */ = {
			isa = PBXProject;
			attributes = {
				LastSwiftUpdateCheck = 0720;
				LastUpgradeCheck = 0720;
				ORGANIZATIONNAME = "Krzysztof Kula";
				TargetAttributes = {
					83DFD41B1C82F0C90064A65A = {
						CreatedOnToolsVersion = 7.2.1;
					};
					83DFD42F1C82F0C90064A65A = {
						CreatedOnToolsVersion = 7.2.1;
						TestTargetID = 83DFD41B1C82F0C90064A65A;
					};
					83DFD43A1C82F0C90064A65A = {
						CreatedOnToolsVersion = 7.2.1;
						TestTargetID = 83DFD41B1C82F0C90064A65A;
					};
				};
			};
			buildConfigurationList = 83DFD4171C82F0C80064A65A /* Build configuration list for PBXProject "nstimer" */;
			compatibilityVersion = "Xcode 3.2";
			developmentRegion = English;
			hasScannedForEncodings = 0;
			knownRegions = (
				en,
				Base,
			);
			mainGroup = 83DFD4131C82F0C80064A65A;
			productRefGroup = 83DFD41D1C82F0C90064A65A /* Products */;
			projectDirPath = "";
			projectRoot = "";
			targets = (
				83DFD41B1C82F0C90064A65A /* nstimer */,
				83DFD42F1C82F0C90064A65A /* nstimerTests */,
				83DFD43A1C82F0C90064A65A /* nstimerUITests */,
			);
		};
/* End PBXProject section */

/* Begin PBXResourcesBuildPhase section */
		83DFD41A1C82F0C90064A65A /* Resources */ = {
			isa = PBXResourcesBuildPhase;
			buildActionMask = 2147483647;
			files = (
				83DFD42A1C82F0C90064A65A /* LaunchScreen.storyboard in Resources */,
				83DFD4271C82F0C90064A65A /* Assets.xcassets in Resources */,
				83DFD4251C82F0C90064A65A /* Main.storyboard in Resources */,
			);
			runOnlyForDeploymentPostprocessing = 0;
		};
		83DFD42E1C82F0C90064A65A /* Resources */ = {
			isa = PBXResourcesBuildPhase;
			buildActionMask = 2147483647;
			files = (
			);
			runOnlyForDeploymentPostprocessing = 0;
		};
		83DFD4391C82F0C90064A65A /* Resources */ = {
			isa = PBXResourcesBuildPhase;
			buildActionMask = 2147483647;
			files = (
			);
			runOnlyForDeploymentPostprocessing = 0;
		};
/* End PBXResourcesBuildPhase section */

/* Begin PBXSourcesBuildPhase section */
		83DFD4181C82F0C90064A65A /* Sources */ = {
			isa = PBXSourcesBuildPhase;
			buildActionMask = 2147483647;
			files = (
				83DFD4221C82F0C90064A65A /* ViewController.swift in Sources */,
				83DFD4201C82F0C90064A65A /* AppDelegate.swift in Sources */,
			);
			runOnlyForDeploymentPostprocessing = 0;
		};
		83DFD42C1C82F0C90064A65A /* Sources */ = {
			isa = PBXSourcesBuildPhase;
			buildActionMask = 2147483647;
			files = (
				83DFD4351C82F0C90064A65A /* nstimerTests.swift in Sources */,
			);
			runOnlyForDeploymentPostprocessing = 0;
		};
		83DFD4371C82F0C90064A65A /* Sources */ = {
			isa = PBXSourcesBuildPhase;
			buildActionMask = 2147483647;
			files = (
				83DFD4401C82F0C90064A65A /* nstimerUITests.swift in Sources */,
			);
			runOnlyForDeploymentPostprocessing = 0;
		};
/* End PBXSourcesBuildPhase section */

/* Begin PBXTargetDependency section */
		83DFD4321C82F0C90064A65A /* PBXTargetDependency */ = {
			isa = PBXTargetDependency;
			target = 83DFD41B1C82F0C90064A65A /* nstimer */;
			targetProxy = 83DFD4311C82F0C90064A65A /* PBXContainerItemProxy */;
		};
		83DFD43D1C82F0C90064A65A /* PBXTargetDependency */ = {
			isa = PBXTargetDependency;
			target = 83DFD41B1C82F0C90064A65A /* nstimer */;
			targetProxy = 83DFD43C1C82F0C90064A65A /* PBXContainerItemProxy */;
		};
/* End PBXTargetDependency section */

/* Begin PBXVariantGroup section */
		83DFD4231C82F0C90064A65A /* Main.storyboard */ = {
			isa = PBXVariantGroup;
			children = (
				83DFD4241C82F0C90064A65A /* Base */,
			);
			name = Main.storyboard;
			sourceTree = "<group>";
		};
		83DFD4281C82F0C90064A65A /* LaunchScreen.storyboard */ = {
			isa = PBXVariantGroup;
			children = (
				83DFD4291C82F0C90064A65A /* Base */,
			);
			name = LaunchScreen.storyboard;
			sourceTree = "<group>";
		};
/* End PBXVariantGroup section */

/* Begin XCBuildConfiguration section */
		83DFD4421C82F0C90064A65A /* Debug */ = {
			isa = XCBuildConfiguration;
			buildSettings = {
				ALWAYS_SEARCH_USER_PATHS = NO;
				CLANG_CXX_LANGUAGE_STANDARD = "gnu++0x";
				CLANG_CXX_LIBRARY = "libc++";
				CLANG_ENABLE_MODULES = YES;
				CLANG_ENABLE_OBJC_ARC = YES;
				CLANG_WARN_BOOL_CONVERSION = YES;
				CLANG_WARN_CONSTANT_CONVERSION = YES;
				CLANG_WARN_DIRECT_OBJC_ISA_USAGE = YES_ERROR;
				CLANG_WARN_EMPTY_BODY = YES;
				CLANG_WARN_ENUM_CONVERSION = YES;
				CLANG_WARN_INT_CONVERSION = YES;
				CLANG_WARN_OBJC_ROOT_CLASS = YES_ERROR;
				CLANG_WARN_UNREACHABLE_CODE = YES;
				CLANG_WARN__DUPLICATE_METHOD_MATCH = YES;
				"CODE_SIGN_IDENTITY[sdk=iphoneos*]" = "iPhone Developer";
				COPY_PHASE_STRIP = NO;
				DEBUG_INFORMATION_FORMAT = dwarf;
				ENABLE_STRICT_OBJC_MSGSEND = YES;
				ENABLE_TESTABILITY = YES;
				GCC_C_LANGUAGE_STANDARD = gnu99;
				GCC_DYNAMIC_NO_PIC = NO;
				GCC_NO_COMMON_BLOCKS = YES;
				GCC_OPTIMIZATION_LEVEL = 0;
				GCC_PREPROCESSOR_DEFINITIONS = (
					"DEBUG=1",
					"$(inherited)",
				);
				GCC_WARN_64_TO_32_BIT_CONVERSION = YES;
				GCC_WARN_ABOUT_RETURN_TYPE = YES_ERROR;
				GCC_WARN_UNDECLARED_SELECTOR = YES;
				GCC_WARN_UNINITIALIZED_AUTOS = YES_AGGRESSIVE;
				GCC_WARN_UNUSED_FUNCTION = YES;
				GCC_WARN_UNUSED_VARIABLE = YES;
				IPHONEOS_DEPLOYMENT_TARGET = 9.2;
				MTL_ENABLE_DEBUG_INFO = YES;
				ONLY_ACTIVE_ARCH = YES;
				SDKROOT = iphoneos;
				SWIFT_OPTIMIZATION_LEVEL = "-Onone";
				TARGETED_DEVICE_FAMILY = "1,2";
			};
			name = Debug;
		};
		83DFD4431C82F0C90064A65A /* Release */ = {
			isa = XCBuildConfiguration;
			buildSettings = {
				ALWAYS_SEARCH_USER_PATHS = NO;
				CLANG_CXX_LANGUAGE_STANDARD = "gnu++0x";
				CLANG_CXX_LIBRARY = "libc++";
				CLANG_ENABLE_MODULES = YES;
				CLANG_ENABLE_OBJC_ARC = YES;
				CLANG_WARN_BOOL_CONVERSION = YES;
				CLANG_WARN_CONSTANT_CONVERSION = YES;
				CLANG_WARN_DIRECT_OBJC_ISA_USAGE = YES_ERROR;
				CLANG_WARN_EMPTY_BODY = YES;
				CLANG_WARN_ENUM_CONVERSION = YES;
				CLANG_WARN_INT_CONVERSION = YES;
				CLANG_WARN_OBJC_ROOT_CLASS = YES_ERROR;
				CLANG_WARN_UNREACHABLE_CODE = YES;
				CLANG_WARN__DUPLICATE_METHOD_MATCH = YES;
				"CODE_SIGN_IDENTITY[sdk=iphoneos*]" = "iPhone Developer";
				COPY_PHASE_STRIP = NO;
				DEBUG_INFORMATION_FORMAT = "dwarf-with-dsym";
				ENABLE_NS_ASSERTIONS = NO;
				ENABLE_STRICT_OBJC_MSGSEND = YES;
				GCC_C_LANGUAGE_STANDARD = gnu99;
				GCC_NO_COMMON_BLOCKS = YES;
				GCC_WARN_64_TO_32_BIT_CONVERSION = YES;
				GCC_WARN_ABOUT_RETURN_TYPE = YES_ERROR;
				GCC_WARN_UNDECLARED_SELECTOR = YES;
				GCC_WARN_UNINITIALIZED_AUTOS = YES_AGGRESSIVE;
				GCC_WARN_UNUSED_FUNCTION = YES;
				GCC_WARN_UNUSED_VARIABLE = YES;
				IPHONEOS_DEPLOYMENT_TARGET = 9.2;
				MTL_ENABLE_DEBUG_INFO = NO;
				SDKROOT = iphoneos;
				TARGETED_DEVICE_FAMILY = "1,2";
				VALIDATE_PRODUCT = YES;
			};
			name = Release;
		};
		83DFD4451C82F0C90064A65A /* Debug */ = {
			isa = XCBuildConfiguration;
			buildSettings = {
				ASSETCATALOG_COMPILER_APPICON_NAME = AppIcon;
				INFOPLIST_FILE = nstimer/Info.plist;
				LD_RUNPATH_SEARCH_PATHS = "$(inherited) @executable_path/Frameworks";
				PRODUCT_BUNDLE_IDENTIFIER = com.blogspot.krzychukula.nstimer;
				PRODUCT_NAME = "$(TARGET_NAME)";
			};
			name = Debug;
		};
		83DFD4461C82F0C90064A65A /* Release */ = {
			isa = XCBuildConfiguration;
			buildSettings = {
				ASSETCATALOG_COMPILER_APPICON_NAME = AppIcon;
				INFOPLIST_FILE = nstimer/Info.plist;
				LD_RUNPATH_SEARCH_PATHS = "$(inherited) @executable_path/Frameworks";
				PRODUCT_BUNDLE_IDENTIFIER = com.blogspot.krzychukula.nstimer;
				PRODUCT_NAME = "$(TARGET_NAME)";
			};
			name = Release;
		};
		83DFD4481C82F0C90064A65A /* Debug */ = {
			isa = XCBuildConfiguration;
			buildSettings = {
				BUNDLE_LOADER = "$(TEST_HOST)";
				INFOPLIST_FILE = nstimerTests/Info.plist;
				LD_RUNPATH_SEARCH_PATHS = "$(inherited) @executable_path/Frameworks @loader_path/Frameworks";
				PRODUCT_BUNDLE_IDENTIFIER = com.blogspot.krzychukula.nstimerTests;
				PRODUCT_NAME = "$(TARGET_NAME)";
				TEST_HOST = "$(BUILT_PRODUCTS_DIR)/nstimer.app/nstimer";
			};
			name = Debug;
		};
		83DFD4491C82F0C90064A65A /* Release */ = {
			isa = XCBuildConfiguration;
			buildSettings = {
				BUNDLE_LOADER = "$(TEST_HOST)";
				INFOPLIST_FILE = nstimerTests/Info.plist;
				LD_RUNPATH_SEARCH_PATHS = "$(inherited) @executable_path/Frameworks @loader_path/Frameworks";
				PRODUCT_BUNDLE_IDENTIFIER = com.blogspot.krzychukula.nstimerTests;
				PRODUCT_NAME = "$(TARGET_NAME)";
				TEST_HOST = "$(BUILT_PRODUCTS_DIR)/nstimer.app/nstimer";
			};
			name = Release;
		};
		83DFD44B1C82F0C90064A65A /* Debug */ = {
			isa = XCBuildConfiguration;
			buildSettings = {
				INFOPLIST_FILE = nstimerUITests/Info.plist;
				LD_RUNPATH_SEARCH_PATHS = "$(inherited) @executable_path/Frameworks @loader_path/Frameworks";
				PRODUCT_BUNDLE_IDENTIFIER = com.blogspot.krzychukula.nstimerUITests;
				PRODUCT_NAME = "$(TARGET_NAME)";
				TEST_TARGET_NAME = nstimer;
				USES_XCTRUNNER = YES;
			};
			name = Debug;
		};
		83DFD44C1C82F0C90064A65A /* Release */ = {
			isa = XCBuildConfiguration;
			buildSettings = {
				INFOPLIST_FILE = nstimerUITests/Info.plist;
				LD_RUNPATH_SEARCH_PATHS = "$(inherited) @executable_path/Frameworks @loader_path/Frameworks";
				PRODUCT_BUNDLE_IDENTIFIER = com.blogspot.krzychukula.nstimerUITests;
				PRODUCT_NAME = "$(TARGET_NAME)";
				TEST_TARGET_NAME = nstimer;
				USES_XCTRUNNER = YES;
			};
			name = Release;
		};
/* End XCBuildConfiguration section */

/* Begin XCConfigurationList section */
		83DFD4171C82F0C80064A65A /* Build configuration list for PBXProject "nstimer" */ = {
			isa = XCConfigurationList;
			buildConfigurations = (
				83DFD4421C82F0C90064A65A /* Debug */,
				83DFD4431C82F0C90064A65A /* Release */,
			);
			defaultConfigurationIsVisible = 0;
			defaultConfigurationName = Release;
		};
		83DFD4441C82F0C90064A65A /* Build configuration list for PBXNativeTarget "nstimer" */ = {
			isa = XCConfigurationList;
			buildConfigurations = (
				83DFD4451C82F0C90064A65A /* Debug */,
				83DFD4461C82F0C90064A65A /* Release */,
			);
			defaultConfigurationIsVisible = 0;
		};
		83DFD4471C82F0C90064A65A /* Build configuration list for PBXNativeTarget "nstimerTests" */ = {
			isa = XCConfigurationList;
			buildConfigurations = (
				83DFD4481C82F0C90064A65A /* Debug */,
				83DFD4491C82F0C90064A65A /* Release */,
			);
			defaultConfigurationIsVisible = 0;
		};
		83DFD44A1C82F0C90064A65A /* Build configuration list for PBXNativeTarget "nstimerUITests" */ = {
			isa = XCConfigurationList;
			buildConfigurations = (
				83DFD44B1C82F0C90064A65A /* Debug */,
				83DFD44C1C82F0C90064A65A /* Release */,
			);
			defaultConfigurationIsVisible = 0;
		};
/* End XCConfigurationList section */
	};
	rootObject = 83DFD4141C82F0C80064A65A /* Project object */;
}
